
Microsoft Visual Studio Solution File, Format Version 12.00
# Visual Studio 14
VisualStudioVersion = 14.0.25420.1
MinimumVisualStudioVersion = 10.0.40219.1
Project("{FAE04EC0-301F-11D3-BF4B-00C04F79EFBC}") = "poc.data", "poc.data\poc.data.csproj", "{F2AAE92D-A14B-4DFC-B3A9-BAEA259C092D}"
EndProject
Project("{FAE04EC0-301F-11D3-BF4B-00C04F79EFBC}") = "poc.web", "poc.web\poc.web.csproj", "{B80E816F-BC78-404F-BBFA-7457A50DF8BF}"
EndProject
Project("{FAE04EC0-301F-11D3-BF4B-00C04F79EFBC}") = "poc.repo", "poc.repo\poc.repo.csproj", "{C11F294A-9133-447B-90E9-F2D57F220115}"
EndProject
Global
	GlobalSection(SolutionConfigurationPlatforms) = preSolution
		Debug|Any CPU = Debug|Any CPU
		Release|Any CPU = Release|Any CPU
	EndGlobalSection
	GlobalSection(ProjectConfigurationPlatforms) = postSolution
		{F2AAE92D-A14B-4DFC-B3A9-BAEA259C092D}.Debug|Any CPU.ActiveCfg = Debug|Any CPU
		{F2AAE92D-A14B-4DFC-B3A9-BAEA259C092D}.Debug|Any CPU.Build.0 = Debug|Any CPU
		{F2AAE92D-A14B-4DFC-B3A9-BAEA259C092D}.Release|Any CPU.ActiveCfg = Release|Any CPU
		{F2AAE92D-A14B-4DFC-B3A9-BAEA259C092D}.Release|Any CPU.Build.0 = Release|Any CPU
		{B80E816F-BC78-404F-BBFA-7457A50DF8BF}.Debug|Any CPU.ActiveCfg = Debug|Any CPU
		{B80E816F-BC78-404F-BBFA-7457A50DF8BF}.Debug|Any CPU.Build.0 = Debug|Any CPU
		{B80E816F-BC78-404F-BBFA-7457A50DF8BF}.Release|Any CPU.ActiveCfg = Release|Any CPU
		{B80E816F-BC78-404F-BBFA-7457A50DF8BF}.Release|Any CPU.Build.0 = Release|Any CPU
		{C11F294A-9133-447B-90E9-F2D57F220115}.Debug|Any CPU.ActiveCfg = Debug|Any CPU
		{C11F294A-9133-447B-90E9-F2D57F220115}.Debug|Any CPU.Build.0 = Debug|Any CPU
		{C11F294A-9133-447B-90E9-F2D57F220115}.Release|Any CPU.ActiveCfg = Release|Any CPU
		{C11F294A-9133-447B-90E9-F2D57F220115}.Release|Any CPU.Build.0 = Release|Any CPU
	EndGlobalSection
	GlobalSection(SolutionProperties) = preSolution
		HideSolutionNode = FALSE
	EndGlobalSection
EndGlobal
